{
  "R": {
    "Version": "4.1.2",
    "Repositories": [
      {
        "Name": "CRAN",
        "URL": "https://packagemanager.rstudio.com/all/latest"
      }
    ]
  },
  "Packages": {
    "MASS": {
      "Package": "MASS",
      "Version": "7.3-55",
      "Source": "Repository",
      "Repository": "RSPM",
      "Hash": "c5232ffb549f6d7a04a152c34ca1353d"
    },
    "Matrix": {
      "Package": "Matrix",
      "Version": "1.4-0",
      "Source": "Repository",
      "Repository": "RSPM",
      "Hash": "130c0caba175739d98f2963c6a407cf6"
    },
    "R6": {
      "Package": "R6",
      "Version": "2.5.1",
      "Source": "Repository",
      "Repository": "RSPM",
      "Hash": "470851b6d5d0ac559e9d01bb352b4021"
    },
    "RColorBrewer": {
      "Package": "RColorBrewer",
      "Version": "1.1-2",
      "Source": "Repository",
      "Repository": "RSPM",
      "Hash": "e031418365a7f7a766181ab5a41a5716"
    },
    "Rcpp": {
      "Package": "Rcpp",
      "Version": "1.0.8",
      "Source": "Repository",
      "Repository": "RSPM",
      "Hash": "22b546dd7e337f6c0c58a39983a496bc"
    },
    "RcppTOML": {
      "Package": "RcppTOML",
      "Version": "0.1.7",
      "Source": "Repository",
      "Repository": "RSPM",
      "Hash": "f8a578aa91321ecec1292f1e2ffadeda"
    },
    "Rttf2pt1": {
      "Package": "Rttf2pt1",
      "Version": "1.3.9",
      "Source": "Repository",
      "Repository": "RSPM",
      "Hash": "da6ab407fa2e5e498ac980f92798cfed"
    },
    "base64enc": {
      "Package": "base64enc",
      "Version": "0.1-3",
      "Source": "Repository",
      "Repository": "RSPM",
      "Hash": "543776ae6848fde2f48ff3816d0628bc"
    },
    "cli": {
      "Package": "cli",
      "Version": "3.1.1",
      "Source": "Repository",
      "Repository": "RSPM",
      "Hash": "da5160e769a652e3ec7111d63883f9bc"
    },
    "colorspace": {
      "Package": "colorspace",
      "Version": "2.0-2",
      "Source": "Repository",
      "Repository": "RSPM",
      "Hash": "6baccb763ee83c0bd313460fdb8b8a84"
    },
    "crayon": {
      "Package": "crayon",
      "Version": "1.4.2",
      "Source": "Repository",
      "Repository": "RSPM",
      "Hash": "0a6a65d92bd45b47b94b84244b528d17"
    },
    "digest": {
      "Package": "digest",
      "Version": "0.6.29",
      "Source": "Repository",
      "Repository": "RSPM",
      "Hash": "cf6b206a045a684728c3267ef7596190"
    },
    "ellipsis": {
      "Package": "ellipsis",
      "Version": "0.3.2",
      "Source": "Repository",
      "Repository": "RSPM",
      "Hash": "bb0eec2fe32e88d9e2836c2f73ea2077"
    },
    "evaluate": {
      "Package": "evaluate",
      "Version": "0.14",
      "Source": "Repository",
      "Repository": "RSPM",
      "Hash": "ec8ca05cffcc70569eaaad8469d2a3a7"
    },
    "extrafont": {
      "Package": "extrafont",
      "Version": "0.17",
      "Source": "Repository",
      "Repository": "RSPM",
      "Hash": "7f2f50e8f998a4bea4b04650fc4f2ca8"
    },
    "extrafontdb": {
      "Package": "extrafontdb",
      "Version": "1.0",
      "Source": "Repository",
      "Repository": "RSPM",
      "Hash": "a861555ddec7451c653b40e713166c6f"
    },
    "fansi": {
      "Package": "fansi",
      "Version": "1.0.2",
      "Source": "Repository",
      "Repository": "RSPM",
      "Hash": "f28149c2d7a1342a834b314e95e67260"
    },
    "farver": {
      "Package": "farver",
      "Version": "2.1.0",
      "Source": "Repository",
      "Repository": "RSPM",
      "Hash": "c98eb5133d9cb9e1622b8691487f11bb"
    },
    "fastmap": {
      "Package": "fastmap",
      "Version": "1.1.0",
      "Source": "Repository",
      "Repository": "RSPM",
      "Hash": "77bd60a6157420d4ffa93b27cf6a58b8"
    },
    "ggplot2": {
      "Package": "ggplot2",
      "Version": "3.3.5",
      "Source": "Repository",
      "Repository": "RSPM",
      "Hash": "d7566c471c7b17e095dd023b9ef155ad"
    },
    "glue": {
      "Package": "glue",
      "Version": "1.6.1",
      "Source": "Repository",
      "Repository": "RSPM",
      "Hash": "de07842fc27ebf60e1102091c0c85e47"
    },
    "gtable": {
      "Package": "gtable",
      "Version": "0.3.0",
      "Source": "Repository",
      "Repository": "RSPM",
      "Hash": "ac5c6baf7822ce8732b343f14c072c4d"
    },
    "here": {
      "Package": "here",
      "Version": "1.0.1",
      "Source": "Repository",
      "Repository": "RSPM",
      "Hash": "24b224366f9c2e7534d2344d10d59211"
    },
    "highr": {
      "Package": "highr",
      "Version": "0.9",
      "Source": "Repository",
      "Repository": "RSPM",
      "Hash": "8eb36c8125038e648e5d111c0d7b2ed4"
    },
    "htmltools": {
      "Package": "htmltools",
      "Version": "0.5.2",
      "Source": "Repository",
      "Repository": "RSPM",
      "Hash": "526c484233f42522278ab06fb185cb26"
    },
    "isoband": {
      "Package": "isoband",
      "Version": "0.2.5",
      "Source": "Repository",
      "Repository": "RSPM",
      "Hash": "7ab57a6de7f48a8dc84910d1eca42883"
    },
    "jquerylib": {
      "Package": "jquerylib",
      "Version": "0.1.4",
      "Source": "Repository",
      "Repository": "RSPM",
      "Hash": "5aab57a3bd297eee1c1d862735972182"
    },
    "jsonlite": {
      "Package": "jsonlite",
      "Version": "1.7.3",
      "Source": "Repository",
      "Repository": "RSPM",
      "Hash": "68c37fd8f863c6273dcd24928c17d6e1"
    },
    "knitr": {
      "Package": "knitr",
      "Version": "1.37",
      "Source": "Repository",
      "Repository": "RSPM",
      "Hash": "a4ec675eb332a33fe7b7fe26f70e1f98"
    },
    "labeling": {
      "Package": "labeling",
      "Version": "0.4.2",
      "Source": "Repository",
      "Repository": "RSPM",
      "Hash": "3d5108641f47470611a32d0bdf357a72"
    },
    "lattice": {
      "Package": "lattice",
      "Version": "0.20-45",
      "Source": "Repository",
      "Repository": "RSPM",
      "Hash": "b64cdbb2b340437c4ee047a1f4c4377b"
    },
    "lifecycle": {
      "Package": "lifecycle",
      "Version": "1.0.1",
      "Source": "Repository",
      "Repository": "RSPM",
      "Hash": "a6b6d352e3ed897373ab19d8395c98d0"
    },
    "magrittr": {
      "Package": "magrittr",
      "Version": "2.0.2",
      "Source": "Repository",
      "Repository": "RSPM",
      "Hash": "cdc87ecd81934679d1557633d8e1fe51"
    },
    "mgcv": {
      "Package": "mgcv",
      "Version": "1.8-38",
      "Source": "Repository",
      "Repository": "RSPM",
      "Hash": "be3c61ffbb1e3d3b3df214d192ac5444"
    },
    "munsell": {
      "Package": "munsell",
      "Version": "0.5.0",
      "Source": "Repository",
      "Repository": "RSPM",
      "Hash": "6dfe8bf774944bd5595785e3229d8771"
    },
    "nlme": {
      "Package": "nlme",
      "Version": "3.1-155",
      "Source": "Repository",
      "Repository": "RSPM",
      "Hash": "74ad940dccc9e977189a5afe5fcdb7ba"
    },
    "patchwork": {
      "Package": "patchwork",
      "Version": "1.1.1",
      "Source": "Repository",
      "Repository": "RSPM",
      "Hash": "c446b30cb33ec125ff02588b60660ccb"
    },
    "pillar": {
      "Package": "pillar",
      "Version": "1.6.5",
      "Source": "Repository",
      "Repository": "RSPM",
      "Hash": "464a3e015331eeb8efd1d239cad5128d"
    },
    "pkgconfig": {
      "Package": "pkgconfig",
      "Version": "2.0.3",
      "Source": "Repository",
      "Repository": "RSPM",
      "Hash": "01f28d4278f15c76cddbea05899c5d6f"
    },
    "png": {
      "Package": "png",
      "Version": "0.1-7",
      "Source": "Repository",
      "Repository": "RSPM",
      "Hash": "03b7076c234cb3331288919983326c55"
    },
    "rappdirs": {
      "Package": "rappdirs",
      "Version": "0.3.3",
      "Source": "Repository",
      "Repository": "RSPM",
      "Hash": "5e3c5dc0b071b21fa128676560dbe94d"
    },
    "renv": {
      "Package": "renv",
      "Version": "0.15.2",
      "Source": "Repository",
      "Repository": "RSPM",
      "Hash": "206c4ef8b7ad6fb1060d69aa7b9dfe69"
    },
    "reticulate": {
      "Package": "reticulate",
      "Version": "1.24",
      "Source": "Repository",
      "Repository": "RSPM",
      "Hash": "ffdf27627a3c1537478073c43b6e7980"
    },
    "rlang": {
      "Package": "rlang",
      "Version": "1.0.0",
      "Source": "Repository",
      "Repository": "RSPM",
      "Hash": "ec923a35ba44bc86fbf95dacaccf65da"
    },
    "rmarkdown": {
      "Package": "rmarkdown",
      "Version": "2.11",
      "Source": "Repository",
      "Repository": "RSPM",
      "Hash": "320017b52d05a943981272b295750388"
    },
    "rprojroot": {
      "Package": "rprojroot",
      "Version": "2.0.2",
      "Source": "Repository",
      "Repository": "RSPM",
      "Hash": "249d8cd1e74a8f6a26194a91b47f21d1"
    },
    "sagethemes": {
      "Package": "sagethemes",
      "Version": "0.0.0.9003",
      "Source": "GitHub",
      "RemoteType": "github",
      "RemoteHost": "api.github.com",
      "RemoteRepo": "sagethemes",
      "RemoteUsername": "Sage-Bionetworks",
      "RemoteRef": "main",
      "RemoteSha": "1a8eb0da028c28d7c88dd6627f9121782d88a1ef",
      "Hash": "8a2c9c159860e98471f4f44c5647cc07"
    },
    "scales": {
      "Package": "scales",
      "Version": "1.1.1",
      "Source": "Repository",
      "Repository": "RSPM",
      "Hash": "6f76f71042411426ec8df6c54f34e6dd"
    },
    "stringi": {
      "Package": "stringi",
      "Version": "1.7.6",
      "Source": "Repository",
      "Repository": "RSPM",
      "Hash": "bba431031d30789535745a9627ac9271"
    },
    "stringr": {
      "Package": "stringr",
      "Version": "1.4.0",
      "Source": "Repository",
      "Repository": "RSPM",
      "Hash": "0759e6b6c0957edb1311028a49a35e76"
    },
    "tibble": {
      "Package": "tibble",
      "Version": "3.1.6",
      "Source": "Repository",
      "Repository": "RSPM",
      "Hash": "8a8f02d1934dfd6431c671361510dd0b"
    },
    "tinytex": {
      "Package": "tinytex",
      "Version": "0.36",
      "Source": "Repository",
      "Repository": "RSPM",
      "Hash": "130fe4c61e55b271a2655b3a284a205f"
    },
    "utf8": {
      "Package": "utf8",
      "Version": "1.2.2",
      "Source": "Repository",
      "Repository": "RSPM",
      "Hash": "c9c462b759a5cc844ae25b5942654d13"
    },
    "vctrs": {
      "Package": "vctrs",
      "Version": "0.3.8",
      "Source": "Repository",
      "Repository": "RSPM",
      "Hash": "ecf749a1b39ea72bd9b51b76292261f1"
    },
    "viridisLite": {
      "Package": "viridisLite",
      "Version": "0.4.0",
      "Source": "Repository",
      "Repository": "RSPM",
      "Hash": "55e157e2aa88161bdb0754218470d204"
    },
    "withr": {
      "Package": "withr",
      "Version": "2.4.3",
      "Source": "Repository",
      "Repository": "RSPM",
      "Hash": "a376b424c4817cda4920bbbeb3364e85"
    },
    "xfun": {
      "Package": "xfun",
      "Version": "0.29",
      "Source": "Repository",
      "Repository": "RSPM",
      "Hash": "e2e5fb1a74fbb68b27d6efc5372635dc"
    },
    "yaml": {
      "Package": "yaml",
      "Version": "2.2.2",
      "Source": "Repository",
      "Repository": "RSPM",
      "Hash": "4597f73aad7d32c2913ec33a345f900b"
    }
  }
}
